
Microsoft Visual Studio Solution File, Format Version 12.00
# Visual Studio Version 17
VisualStudioVersion = 17.3.32819.101
MinimumVisualStudioVersion = 10.0.40219.1
Project("{FAE04EC0-301F-11D3-BF4B-00C04F79EFBC}") = "AzureBlobApi", "AzureBlobApi.csproj", "{2A91856F-D2D8-4A23-B4F5-24769F854514}"
EndProject
Global
	GlobalSection(SolutionConfigurationPlatforms) = preSolution
		Debug|Any CPU = Debug|Any CPU
		Release|Any CPU = Release|Any CPU
	EndGlobalSection
	GlobalSection(ProjectConfigurationPlatforms) = postSolution
		{2A91856F-D2D8-4A23-B4F5-24769F854514}.Debug|Any CPU.ActiveCfg = Debug|Any CPU
		{2A91856F-D2D8-4A23-B4F5-24769F854514}.Debug|Any CPU.Build.0 = Debug|Any CPU
		{2A91856F-D2D8-4A23-B4F5-24769F854514}.Release|Any CPU.ActiveCfg = Release|Any CPU
		{2A91856F-D2D8-4A23-B4F5-24769F854514}.Release|Any CPU.Build.0 = Release|Any CPU
	EndGlobalSection
	GlobalSection(SolutionProperties) = preSolution
		HideSolutionNode = FALSE
	EndGlobalSection
	GlobalSection(ExtensibilityGlobals) = postSolution
		SolutionGuid = {F60DB599-BA19-4B1C-BD84-D39C1D8D1D76}
	EndGlobalSection
EndGlobal
